
Microsoft Visual Studio Solution File, Format Version 12.00
# Visual Studio Version 17
VisualStudioVersion = 17.0.31903.59
MinimumVisualStudioVersion = 10.0.40219.1
Project("{2150E333-8FDC-42A3-9474-1A3956D46DE8}") = "src", "src", "{86BD6F29-E69E-4893-8702-93C0668FA347}"
EndProject
Project("{2150E333-8FDC-42A3-9474-1A3956D46DE8}") = "tests", "tests", "{2E396963-2C32-4338-AE45-ADFF2180E83D}"
EndProject
Project("{9A19103F-16F7-4668-BE54-9A1E7A4F7556}") = "FunctionalRecords", "src\FunctionalRecords\FunctionalRecords.csproj", "{1BE16B7B-38AE-4CF6-B8EC-C5A82CB2C293}"
EndProject
Project("{9A19103F-16F7-4668-BE54-9A1E7A4F7556}") = "FunctionalRecords.Tests", "tests\FunctionalRecords.Tests\FunctionalRecords.Tests.csproj", "{0AE4EA5A-6D86-4142-A376-6947AC49F365}"
EndProject
Global
	GlobalSection(SolutionConfigurationPlatforms) = preSolution
		Debug|Any CPU = Debug|Any CPU
		Release|Any CPU = Release|Any CPU
	EndGlobalSection
	GlobalSection(ProjectConfigurationPlatforms) = postSolution
		{1BE16B7B-38AE-4CF6-B8EC-C5A82CB2C293}.Debug|Any CPU.ActiveCfg = Debug|Any CPU
		{1BE16B7B-38AE-4CF6-B8EC-C5A82CB2C293}.Debug|Any CPU.Build.0 = Debug|Any CPU
		{1BE16B7B-38AE-4CF6-B8EC-C5A82CB2C293}.Release|Any CPU.ActiveCfg = Release|Any CPU
		{1BE16B7B-38AE-4CF6-B8EC-C5A82CB2C293}.Release|Any CPU.Build.0 = Release|Any CPU
		{0AE4EA5A-6D86-4142-A376-6947AC49F365}.Debug|Any CPU.ActiveCfg = Debug|Any CPU
		{0AE4EA5A-6D86-4142-A376-6947AC49F365}.Debug|Any CPU.Build.0 = Debug|Any CPU
		{0AE4EA5A-6D86-4142-A376-6947AC49F365}.Release|Any CPU.ActiveCfg = Release|Any CPU
		{0AE4EA5A-6D86-4142-A376-6947AC49F365}.Release|Any CPU.Build.0 = Release|Any CPU
	EndGlobalSection
	GlobalSection(SolutionProperties) = preSolution
		HideSolutionNode = FALSE
	EndGlobalSection
	GlobalSection(NestedProjects) = preSolution
		{1BE16B7B-38AE-4CF6-B8EC-C5A82CB2C293} = {86BD6F29-E69E-4893-8702-93C0668FA347}
		{0AE4EA5A-6D86-4142-A376-6947AC49F365} = {2E396963-2C32-4338-AE45-ADFF2180E83D}
	EndGlobalSection
	GlobalSection(ExtensibilityGlobals) = postSolution
		SolutionGuid = {0B7B7314-9F4F-4E3D-A924-71696D2EE511}
	EndGlobalSection
EndGlobal
